
Microsoft Visual Studio Solution File, Format Version 12.00
# Visual Studio 2013
VisualStudioVersion = 12.0.21005.1
MinimumVisualStudioVersion = 10.0.40219.1
Project("{FAE04EC0-301F-11D3-BF4B-00C04F79EFBC}") = "FeatureLoggerService", "FeatureLoggerService.csproj", "{939254BD-32B5-4671-909B-C7ACB0407FFD}"
EndProject
Project("{FAE04EC0-301F-11D3-BF4B-00C04F79EFBC}") = "FeatureLogger", "..\FeatureLogger\FeatureLogger\FeatureLogger.csproj", "{98FF8B6A-C972-4418-B121-0A420A953DD0}"
EndProject
Global
	GlobalSection(SolutionConfigurationPlatforms) = preSolution
		Debug|Any CPU = Debug|Any CPU
		Release|Any CPU = Release|Any CPU
	EndGlobalSection
	GlobalSection(ProjectConfigurationPlatforms) = postSolution
		{939254BD-32B5-4671-909B-C7ACB0407FFD}.Debug|Any CPU.ActiveCfg = Debug|Any CPU
		{939254BD-32B5-4671-909B-C7ACB0407FFD}.Debug|Any CPU.Build.0 = Debug|Any CPU
		{939254BD-32B5-4671-909B-C7ACB0407FFD}.Release|Any CPU.ActiveCfg = Release|Any CPU
		{939254BD-32B5-4671-909B-C7ACB0407FFD}.Release|Any CPU.Build.0 = Release|Any CPU
		{98FF8B6A-C972-4418-B121-0A420A953DD0}.Debug|Any CPU.ActiveCfg = Debug|Any CPU
		{98FF8B6A-C972-4418-B121-0A420A953DD0}.Debug|Any CPU.Build.0 = Debug|Any CPU
		{98FF8B6A-C972-4418-B121-0A420A953DD0}.Release|Any CPU.ActiveCfg = Release|Any CPU
		{98FF8B6A-C972-4418-B121-0A420A953DD0}.Release|Any CPU.Build.0 = Release|Any CPU
	EndGlobalSection
	GlobalSection(SolutionProperties) = preSolution
		HideSolutionNode = FALSE
	EndGlobalSection
	GlobalSection(ExtensibilityGlobals) = postSolution
		EnterpriseLibraryConfigurationToolBinariesPath = packages\Unity.2.1.505.2\lib\NET35
	EndGlobalSection
EndGlobal
